NeoBundleLock ZoomWin cf21ce1f4bfec10fe7e446c08e9e647a2a234e03
NeoBundleLock ag.vim c478f7973074f15bbf82c298a1678b4e23f1767a
NeoBundleLock base16-vim e711e9b1412b55fec7e8a5cff4ac5c06f9078729
NeoBundleLock ctrlp.vim b5d3fe66a58a13d2ff8b6391f4387608496a030f
NeoBundleLock editorconfig-vim 646c18062e6b168eb485bbc6b51d7c77c23a35e0
NeoBundleLock ferret a3252f8ba14d9428d12eaf855db33b84ec35e119
NeoBundleLock html5.vim ad38231df6845562f569512fd250c5660aadeb64
NeoBundleLock javascript-libraries-syntax.vim e2bb72f7f7bd7c4ecf6867ef28ec5c3c3f938298
NeoBundleLock matchit.zip ced6c409c9beeb0b4142d21906606bd194411d1d
NeoBundleLock neobundle.vim 69c65de516c8a02853743053e6602b90a1a82c8e
NeoBundleLock nerdcommenter 1f4bfd59920c101a30a74a07b824608a6e65f3fe
NeoBundleLock nerdtree 0b44415a3302030b56755cc1135ca9ca57dc1ada
NeoBundleLock scss-syntax.vim 35f47ff7473939fdfcf7ba9ce36f0d8fb4bd4142
NeoBundleLock supertab 9f7da6d4988daf863ebc414f221bb12c2614f59e
NeoBundleLock syntastic ae7e00aad639ad627920072cb797ec9bda067140
NeoBundleLock tabular 60f25648814f0695eeb6c1040d97adca93c4e0bb
NeoBundleLock tern_for_vim 7d5444a68c93b8dff48c276aa2411b7675800208
NeoBundleLock tlib_vim 5246e360ddf4099848f38e37443bffc1a4491cc8
NeoBundleLock tmuxline.vim 1e638ef6b2673130db123f25b1ae1160c5289bb8
NeoBundleLock vim-addon-local-vimrc 6a27f95b35befa70cd0d049329cd0920566c764b
NeoBundleLock vim-addon-mw-utils 0c5612fa31ee434ba055e21c76f456244b3b5109
NeoBundleLock vim-ags 1856e9365f51b5a835649ccfb168813aa5f20adb
NeoBundleLock vim-airline 14d14cf951c08fc88ca6c3e6f28fe47b99421e23
NeoBundleLock vim-bufkill ba8b5701bde1a50b64b5e6bcaf5698e5655c8c0b
NeoBundleLock vim-coffee-script 32fe889b8cafd3a4921ef8e6485156453ff58c42
NeoBundleLock vim-cucumber 9b49b42b331c196ad5a10483bb61b2a651b91d2e
NeoBundleLock vim-dispatch 69fea418692f76058d5cd95f0a17ed6b0f5bbb77
NeoBundleLock vim-eunuch eb8b2d54fb537ee93f762f6331265057a3f69727
NeoBundleLock vim-fugitive 1ecd12d523ffe031b5840316eeae1f24dd8920e4
NeoBundleLock vim-gitgutter 51d9a3f2bc2ed9a2e6e23dd0a37d0fe6d7880e5b
NeoBundleLock vim-indent-object 1d3e4aac0117d57c3e1aaaa7e5a99f1d7553e01b
NeoBundleLock vim-javascript 1d8c2677d26d6b3950b90dc1636e63334c8efc3b
NeoBundleLock vim-jdaddy fccddca8092ca3dfa843e9e33fc7be8c8ef1c727
NeoBundleLock vim-json f5e3181d0b33a9c51377bb7ea8492feddca8b503
NeoBundleLock vim-less 6fae407f7ed666a6dd0fb596e67df8787dccca59
NeoBundleLock vim-markdown 15d19778a3be4ab3f949cba636d53a87e2c03f29
NeoBundleLock vim-pasta 50ac52a3cc3377395ceb160e3360923d84d0b916
NeoBundleLock vim-rails e25769a7f42d86b38d6ee87350ff2f6a37e68258
NeoBundleLock vim-repeat 7a6675f092842c8f81e71d5345bd7cdbf3759415
NeoBundleLock vim-rest-console 5607ea90927534129dcfcb34881ffbef7ddde457
NeoBundleLock vim-ruby fddf2e7e7393d0e1069bfdcddf0122f73331f756
NeoBundleLock vim-smalls 9619eae81626bd63f88165e0520c467698264e34
NeoBundleLock vim-snipmate 7f91de39088138491e40a35a855adb70677b02d3
NeoBundleLock vim-snippets 1c784b8293118ead68bcf27be6e1006646d88b8b
NeoBundleLock vim-surround 2d05440ad23f97a7874ebd9b5de3a0e65d25d85c
NeoBundleLock vim-test 32636b1d4cc22b3e70a11126a80c8f85b5c5ded6
NeoBundleLock vim-textobj-rubyblock b5b84e49e609439e81aa03fa8e605a6097185665
NeoBundleLock vim-textobj-user a3054162c09bcf732624f43ddacbd85dad09713b
NeoBundleLock vim-tmux-focus-events eccc2f54cd6f006840c20cc017ef79c4eb431cd9
NeoBundleLock vim-unimpaired 23f471ad0f00e2fab097f9d67ffd770881d4b35a
NeoBundleLock vim-yankstack 157a659c1b101c899935d961774fb5c8f0775370
NeoBundleLock vimux b980bc9b75609b2ac62a39fca783de5667d7706c
NeoBundleLock vitality.vim 4bb8c078c3a9a23f8af5db1dd95832faa802a1a9
