NeoBundleLock Dockerfile.vim 12625d00778e3c4d1dcfcd77a7c9a7f153a064b3
NeoBundleLock ZoomWin cf21ce1f4bfec10fe7e446c08e9e647a2a234e03
NeoBundleLock ag.vim f05f31352689be245611c893b37652110f27a2c5
NeoBundleLock base16-vim e711e9b1412b55fec7e8a5cff4ac5c06f9078729
NeoBundleLock ctrlp.vim b5d3fe66a58a13d2ff8b6391f4387608496a030f
NeoBundleLock editorconfig-vim 3a730ac7459ed4dab897d3ec9ad31898b8fcb746
NeoBundleLock html5.vim e5f9168812dbb2f32f6180173ea94f957ca5efc8
NeoBundleLock matchit.zip ced6c409c9beeb0b4142d21906606bd194411d1d
NeoBundleLock mustache.vim 0c3900b42a81ec79885cf984ad33b2280697c7c9
NeoBundleLock neobundle.vim a63824bbaebac6935459339fa65bec3bb47d0d2e
NeoBundleLock nerdcommenter 6549cfde45339bd4f711504196ff3e8b766ef5e6
NeoBundleLock nerdtree 3b98a7fcae8f9fff356907171f0406ff8cd28921
NeoBundleLock scss-syntax.vim b84793553940d4a1059ed4f57607eda16bb971c5
NeoBundleLock supertab c8bfeceb1fc92ad58f2ae6967cbfcd6fbcb0d6e7
NeoBundleLock syntastic fe436371b4043714562c35735ee29690c900d15b
NeoBundleLock tabular 60f25648814f0695eeb6c1040d97adca93c4e0bb
NeoBundleLock tmuxline.vim 1e638ef6b2673130db123f25b1ae1160c5289bb8
NeoBundleLock vim-ags 0e0785a22708af3c8eefebb46b67904fce313cbc
NeoBundleLock vim-airline f45ecdac15d99ed2354873a8b4d40432fd0a85a3
NeoBundleLock vim-coffee-script 827e4a38b07479433b619091469a7495a392df8a
NeoBundleLock vim-cucumber 8f4826012771e6ce7871923bed1bbb68834c8dfc
NeoBundleLock vim-dispatch 70d47ab198458cd0869283cd4252df4fee6e622d
NeoBundleLock vim-eunuch e36b9a701dd3d8054e6b8a77b14710276a1d93c8
NeoBundleLock vim-fugitive 4cc201cbe3a0c3faa4cde1b82ba941d410e5e81c
NeoBundleLock vim-indent-object 78fffa609b3e6b84ef01ee4c9aba6d7435d7b18e
NeoBundleLock vim-jade 437ce8608b8cc347ab790d98b09bf4461a2de8f2
NeoBundleLock vim-javascript 8a409f7fd89de746296a92218183dc69fb6e3d93
NeoBundleLock vim-jdaddy 2e5be5fa5ce5b0f29f0d7cd14631bd2a197bedd2
NeoBundleLock vim-less 902870b38df5f22803532141f11a82c74bed5ab5
NeoBundleLock vim-markdown 409c37b205afa2f9d590e23de8171482d66770e2
NeoBundleLock vim-over 241d7eb189b3bb8bd55b2ff73ec43f0e056526de
NeoBundleLock vim-pasta 50ac52a3cc3377395ceb160e3360923d84d0b916
NeoBundleLock vim-rails bbccea1a8801b041e35d46c8b1148bb2c0b50380
NeoBundleLock vim-repeat c4f9f159e66a00e148b05d3c97c20072777d559f
NeoBundleLock vim-rspec f733ab32702577ad799e3cd4095aa0bd5bcaf582
NeoBundleLock vim-ruby c298d2f352559f0c690d5e75f7ed6ce0c61ff474
NeoBundleLock vim-ruby-refactoring 6447a4debc3263a0fa99feeab5548edf27ecf045
NeoBundleLock vim-signify 06c51319c00fb3405d461e45252532bd00ee6b24
NeoBundleLock vim-smalls 175ffaba8f5d77d86b247d041468b7b114488618
NeoBundleLock vim-surround 772ab9587b7d1e2c3bae75395c9123803059ba8a
NeoBundleLock vim-test 45074b87b76aff2c35db3ff03c2c8eaca1660b37
NeoBundleLock vim-textobj-rubyblock b5b84e49e609439e81aa03fa8e605a6097185665
NeoBundleLock vim-textobj-user 9aa5fd050ecce650fb7ff018397e73a66a41c76b
NeoBundleLock vim-tomorrow-theme f45a2ca260d825b6aee72621f8f6158d815ac472
NeoBundleLock vim-unimpaired 3548479cc154154cbdbb6737ca08a47937cc7113
NeoBundleLock vim-yankstack c6b96be20d9cfcbbcd7cc257a73274c6702d3fb7
NeoBundleLock vimux b980bc9b75609b2ac62a39fca783de5667d7706c
NeoBundleLock vitality.vim 4bb8c078c3a9a23f8af5db1dd95832faa802a1a9
NeoBundleLock wildfire.vim e2baded7162260e05d2527f5bca9fca81f0bc8f2
