NeoBundleLock ZoomWin cf21ce1f4bfec10fe7e446c08e9e647a2a234e03
NeoBundleLock ag.vim f05f31352689be245611c893b37652110f27a2c5
NeoBundleLock base16-vim e711e9b1412b55fec7e8a5cff4ac5c06f9078729
NeoBundleLock ctrlp.vim b5d3fe66a58a13d2ff8b6391f4387608496a030f
NeoBundleLock editorconfig-vim 3a730ac7459ed4dab897d3ec9ad31898b8fcb746
NeoBundleLock ferret 4e15f8e12c268f736cb12459dfce80c5df15e72b
NeoBundleLock html5.vim e5f9168812dbb2f32f6180173ea94f957ca5efc8
NeoBundleLock javascript-libraries-syntax.vim e2bb72f7f7bd7c4ecf6867ef28ec5c3c3f938298
NeoBundleLock matchit.zip ced6c409c9beeb0b4142d21906606bd194411d1d
NeoBundleLock neobundle.vim d0b0c86e7c57eb4fc4c3ad5c5d670b802d7e49ec
NeoBundleLock nerdcommenter 6549cfde45339bd4f711504196ff3e8b766ef5e6
NeoBundleLock nerdtree 3b98a7fcae8f9fff356907171f0406ff8cd28921
NeoBundleLock scss-syntax.vim b84793553940d4a1059ed4f57607eda16bb971c5
NeoBundleLock supertab c8bfeceb1fc92ad58f2ae6967cbfcd6fbcb0d6e7
NeoBundleLock syntastic fe436371b4043714562c35735ee29690c900d15b
NeoBundleLock tabular 60f25648814f0695eeb6c1040d97adca93c4e0bb
NeoBundleLock tern_for_vim e044f14efa3f5a88f7ef1acfe551b0a904605a44
NeoBundleLock tlib_vim aa6d7a030d2a6c964b370d69889fd4740f8c6b05
NeoBundleLock tmuxline.vim 1e638ef6b2673130db123f25b1ae1160c5289bb8
NeoBundleLock vim-addon-local-vimrc 6a27f95b35befa70cd0d049329cd0920566c764b
NeoBundleLock vim-addon-mw-utils 0c5612fa31ee434ba055e21c76f456244b3b5109
NeoBundleLock vim-ags 1856e9365f51b5a835649ccfb168813aa5f20adb
NeoBundleLock vim-airline f45ecdac15d99ed2354873a8b4d40432fd0a85a3
NeoBundleLock vim-autoformat 2842842ec9cb224cc8e7693906a6c8d4ccc8481d
NeoBundleLock vim-bufkill 0513f5f3ce0c55788b63d9a3e2741aea6fa2e00f
NeoBundleLock vim-coffee-script 827e4a38b07479433b619091469a7495a392df8a
NeoBundleLock vim-cucumber 8f4826012771e6ce7871923bed1bbb68834c8dfc
NeoBundleLock vim-dispatch 70d47ab198458cd0869283cd4252df4fee6e622d
NeoBundleLock vim-eunuch e36b9a701dd3d8054e6b8a77b14710276a1d93c8
NeoBundleLock vim-fugitive 4cc201cbe3a0c3faa4cde1b82ba941d410e5e81c
NeoBundleLock vim-gitgutter 51d9a3f2bc2ed9a2e6e23dd0a37d0fe6d7880e5b
NeoBundleLock vim-indent-object 78fffa609b3e6b84ef01ee4c9aba6d7435d7b18e
NeoBundleLock vim-javascript 8a409f7fd89de746296a92218183dc69fb6e3d93
NeoBundleLock vim-jdaddy 2e5be5fa5ce5b0f29f0d7cd14631bd2a197bedd2
NeoBundleLock vim-json f5e3181d0b33a9c51377bb7ea8492feddca8b503
NeoBundleLock vim-less 902870b38df5f22803532141f11a82c74bed5ab5
NeoBundleLock vim-markdown 409c37b205afa2f9d590e23de8171482d66770e2
NeoBundleLock vim-pasta 50ac52a3cc3377395ceb160e3360923d84d0b916
NeoBundleLock vim-rails bbccea1a8801b041e35d46c8b1148bb2c0b50380
NeoBundleLock vim-repeat c4f9f159e66a00e148b05d3c97c20072777d559f
NeoBundleLock vim-rest-console 5607ea90927534129dcfcb34881ffbef7ddde457
NeoBundleLock vim-ruby c298d2f352559f0c690d5e75f7ed6ce0c61ff474
NeoBundleLock vim-smalls 175ffaba8f5d77d86b247d041468b7b114488618
NeoBundleLock vim-snipmate 7f91de39088138491e40a35a855adb70677b02d3
NeoBundleLock vim-snippets 413b3507fb280aff90add9b1acbb3c49b2d6873d
NeoBundleLock vim-surround 772ab9587b7d1e2c3bae75395c9123803059ba8a
NeoBundleLock vim-test 45074b87b76aff2c35db3ff03c2c8eaca1660b37
NeoBundleLock vim-textobj-rubyblock b5b84e49e609439e81aa03fa8e605a6097185665
NeoBundleLock vim-textobj-user 9aa5fd050ecce650fb7ff018397e73a66a41c76b
NeoBundleLock vim-tmux-focus-events eccc2f54cd6f006840c20cc017ef79c4eb431cd9
NeoBundleLock vim-unimpaired 3548479cc154154cbdbb6737ca08a47937cc7113
NeoBundleLock vim-yankstack c6b96be20d9cfcbbcd7cc257a73274c6702d3fb7
NeoBundleLock vimux b980bc9b75609b2ac62a39fca783de5667d7706c
NeoBundleLock vitality.vim 4bb8c078c3a9a23f8af5db1dd95832faa802a1a9
